
Microsoft Visual Studio Solution File, Format Version 12.00
# Visual Studio 15
VisualStudioVersion = 15.0.27004.2010
MinimumVisualStudioVersion = 10.0.40219.1
Project("{FAE04EC0-301F-11D3-BF4B-00C04F79EFBC}") = "Day01", "Day01\Day01.csproj", "{002F0548-DF5D-41DA-80B7-ECB4DDDC46F7}"
EndProject
Project("{FAE04EC0-301F-11D3-BF4B-00C04F79EFBC}") = "Day02", "Day02\Day02.csproj", "{5F778A12-DC08-4385-A3C1-9D37A4B6EAC9}"
EndProject
Project("{FAE04EC0-301F-11D3-BF4B-00C04F79EFBC}") = "Day03", "Day03\Day03.csproj", "{4A935789-AAFD-46C1-9811-1FB47B679417}"
EndProject
Project("{FAE04EC0-301F-11D3-BF4B-00C04F79EFBC}") = "Day04", "Day04\Day04.csproj", "{8321F6C8-E0E4-4FAA-AAC1-72F5031A6291}"
EndProject
Project("{FAE04EC0-301F-11D3-BF4B-00C04F79EFBC}") = "Day05", "Day05\Day05.csproj", "{E93FC7F9-9D60-4094-8FC5-6D544BF6AEDE}"
EndProject
Project("{FAE04EC0-301F-11D3-BF4B-00C04F79EFBC}") = "Day06", "Day06\Day06.csproj", "{33C67993-6BBD-40DB-A6FA-D91BAFD7B8D3}"
EndProject
Project("{FAE04EC0-301F-11D3-BF4B-00C04F79EFBC}") = "Day07", "Day07\Day07.csproj", "{5F953383-677D-403F-B8E8-196A74940BE6}"
EndProject
Project("{FAE04EC0-301F-11D3-BF4B-00C04F79EFBC}") = "Day08", "Day08\Day08.csproj", "{B2EA3D05-259F-4EEF-8799-D3E82FFC4785}"
EndProject
Project("{FAE04EC0-301F-11D3-BF4B-00C04F79EFBC}") = "Day09", "Day09\Day09.csproj", "{CA4B1659-411F-4F80-80FA-404B87DE5C08}"
EndProject
Project("{FAE04EC0-301F-11D3-BF4B-00C04F79EFBC}") = "Day10", "Day10\Day10.csproj", "{A19C774B-AC05-4615-B2EA-7D978D86AA86}"
EndProject
Project("{FAE04EC0-301F-11D3-BF4B-00C04F79EFBC}") = "Day11", "Day11\Day11.csproj", "{AC2E6C7C-3E9D-4B01-B2E4-7267967AA55F}"
EndProject
Project("{FAE04EC0-301F-11D3-BF4B-00C04F79EFBC}") = "Day12", "Day12\Day12.csproj", "{F1BD114A-06A2-4DC9-8CAE-E61252D8D920}"
EndProject
Project("{FAE04EC0-301F-11D3-BF4B-00C04F79EFBC}") = "Day13", "Day13\Day13.csproj", "{6BFF7008-A840-4E0D-9993-3D8832B07778}"
EndProject
Project("{FAE04EC0-301F-11D3-BF4B-00C04F79EFBC}") = "Day14", "Day14\Day14.csproj", "{415E93CE-58DB-471E-9995-95794554BE0F}"
EndProject
Project("{FAE04EC0-301F-11D3-BF4B-00C04F79EFBC}") = "Day15", "Day15\Day15.csproj", "{B8CEBD70-4A2E-46B1-9150-8797F353D2B1}"
EndProject
Project("{FAE04EC0-301F-11D3-BF4B-00C04F79EFBC}") = "Day16", "Day16\Day16.csproj", "{D701DD6C-C9AA-4DD6-850F-95409C64F03C}"
EndProject
Project("{FAE04EC0-301F-11D3-BF4B-00C04F79EFBC}") = "Day17", "Day17\Day17.csproj", "{6851E4D3-F811-431A-A4BB-A762AF34E4BC}"
EndProject
Project("{FAE04EC0-301F-11D3-BF4B-00C04F79EFBC}") = "Day18", "Day18\Day18.csproj", "{07C8060F-7750-44D4-9476-284E0A698FBE}"
EndProject
Project("{FAE04EC0-301F-11D3-BF4B-00C04F79EFBC}") = "Day19", "Day19\Day19.csproj", "{025DC4D8-8418-475C-B36A-F905E7643E9F}"
EndProject
Project("{FAE04EC0-301F-11D3-BF4B-00C04F79EFBC}") = "Day20", "Day20\Day20.csproj", "{8A539E51-7695-4C72-824F-EAB8F802AA5C}"
EndProject
Project("{FAE04EC0-301F-11D3-BF4B-00C04F79EFBC}") = "Day21", "Day21\Day21.csproj", "{D28D5A7D-7FCF-4B19-BBE0-23FB067C48ED}"
EndProject
Project("{FAE04EC0-301F-11D3-BF4B-00C04F79EFBC}") = "Day22", "Day22\Day22.csproj", "{373328C9-BAB1-4ED1-9228-F99789CC7C80}"
EndProject
Project("{FAE04EC0-301F-11D3-BF4B-00C04F79EFBC}") = "Day23", "Day23\Day23.csproj", "{04BB285D-BC75-4495-BD64-1479CAEDE130}"
EndProject
Project("{FAE04EC0-301F-11D3-BF4B-00C04F79EFBC}") = "Day24", "Day24\Day24.csproj", "{8F74F478-3638-4F23-ABE9-4EA53F2CE77C}"
EndProject
Project("{FAE04EC0-301F-11D3-BF4B-00C04F79EFBC}") = "Day25", "Day25\Day25.csproj", "{3C8AE5A7-AD06-4D35-8ABE-E9F6E84830C6}"
EndProject
Global
	GlobalSection(SolutionConfigurationPlatforms) = preSolution
		Debug|Any CPU = Debug|Any CPU
		Release|Any CPU = Release|Any CPU
	EndGlobalSection
	GlobalSection(ProjectConfigurationPlatforms) = postSolution
		{002F0548-DF5D-41DA-80B7-ECB4DDDC46F7}.Debug|Any CPU.ActiveCfg = Debug|Any CPU
		{002F0548-DF5D-41DA-80B7-ECB4DDDC46F7}.Debug|Any CPU.Build.0 = Debug|Any CPU
		{002F0548-DF5D-41DA-80B7-ECB4DDDC46F7}.Release|Any CPU.ActiveCfg = Release|Any CPU
		{002F0548-DF5D-41DA-80B7-ECB4DDDC46F7}.Release|Any CPU.Build.0 = Release|Any CPU
		{5F778A12-DC08-4385-A3C1-9D37A4B6EAC9}.Debug|Any CPU.ActiveCfg = Debug|Any CPU
		{5F778A12-DC08-4385-A3C1-9D37A4B6EAC9}.Debug|Any CPU.Build.0 = Debug|Any CPU
		{5F778A12-DC08-4385-A3C1-9D37A4B6EAC9}.Release|Any CPU.ActiveCfg = Release|Any CPU
		{5F778A12-DC08-4385-A3C1-9D37A4B6EAC9}.Release|Any CPU.Build.0 = Release|Any CPU
		{4A935789-AAFD-46C1-9811-1FB47B679417}.Debug|Any CPU.ActiveCfg = Debug|Any CPU
		{4A935789-AAFD-46C1-9811-1FB47B679417}.Debug|Any CPU.Build.0 = Debug|Any CPU
		{4A935789-AAFD-46C1-9811-1FB47B679417}.Release|Any CPU.ActiveCfg = Release|Any CPU
		{4A935789-AAFD-46C1-9811-1FB47B679417}.Release|Any CPU.Build.0 = Release|Any CPU
		{8321F6C8-E0E4-4FAA-AAC1-72F5031A6291}.Debug|Any CPU.ActiveCfg = Debug|Any CPU
		{8321F6C8-E0E4-4FAA-AAC1-72F5031A6291}.Debug|Any CPU.Build.0 = Debug|Any CPU
		{8321F6C8-E0E4-4FAA-AAC1-72F5031A6291}.Release|Any CPU.ActiveCfg = Release|Any CPU
		{8321F6C8-E0E4-4FAA-AAC1-72F5031A6291}.Release|Any CPU.Build.0 = Release|Any CPU
		{E93FC7F9-9D60-4094-8FC5-6D544BF6AEDE}.Debug|Any CPU.ActiveCfg = Debug|Any CPU
		{E93FC7F9-9D60-4094-8FC5-6D544BF6AEDE}.Debug|Any CPU.Build.0 = Debug|Any CPU
		{E93FC7F9-9D60-4094-8FC5-6D544BF6AEDE}.Release|Any CPU.ActiveCfg = Release|Any CPU
		{E93FC7F9-9D60-4094-8FC5-6D544BF6AEDE}.Release|Any CPU.Build.0 = Release|Any CPU
		{33C67993-6BBD-40DB-A6FA-D91BAFD7B8D3}.Debug|Any CPU.ActiveCfg = Debug|Any CPU
		{33C67993-6BBD-40DB-A6FA-D91BAFD7B8D3}.Debug|Any CPU.Build.0 = Debug|Any CPU
		{33C67993-6BBD-40DB-A6FA-D91BAFD7B8D3}.Release|Any CPU.ActiveCfg = Release|Any CPU
		{33C67993-6BBD-40DB-A6FA-D91BAFD7B8D3}.Release|Any CPU.Build.0 = Release|Any CPU
		{5F953383-677D-403F-B8E8-196A74940BE6}.Debug|Any CPU.ActiveCfg = Debug|Any CPU
		{5F953383-677D-403F-B8E8-196A74940BE6}.Debug|Any CPU.Build.0 = Debug|Any CPU
		{5F953383-677D-403F-B8E8-196A74940BE6}.Release|Any CPU.ActiveCfg = Release|Any CPU
		{5F953383-677D-403F-B8E8-196A74940BE6}.Release|Any CPU.Build.0 = Release|Any CPU
		{B2EA3D05-259F-4EEF-8799-D3E82FFC4785}.Debug|Any CPU.ActiveCfg = Debug|Any CPU
		{B2EA3D05-259F-4EEF-8799-D3E82FFC4785}.Debug|Any CPU.Build.0 = Debug|Any CPU
		{B2EA3D05-259F-4EEF-8799-D3E82FFC4785}.Release|Any CPU.ActiveCfg = Release|Any CPU
		{B2EA3D05-259F-4EEF-8799-D3E82FFC4785}.Release|Any CPU.Build.0 = Release|Any CPU
		{CA4B1659-411F-4F80-80FA-404B87DE5C08}.Debug|Any CPU.ActiveCfg = Debug|Any CPU
		{CA4B1659-411F-4F80-80FA-404B87DE5C08}.Debug|Any CPU.Build.0 = Debug|Any CPU
		{CA4B1659-411F-4F80-80FA-404B87DE5C08}.Release|Any CPU.ActiveCfg = Release|Any CPU
		{CA4B1659-411F-4F80-80FA-404B87DE5C08}.Release|Any CPU.Build.0 = Release|Any CPU
		{AC2E6C7C-3E9D-4B01-B2E4-7267967AA55F}.Debug|Any CPU.ActiveCfg = Debug|Any CPU
		{AC2E6C7C-3E9D-4B01-B2E4-7267967AA55F}.Debug|Any CPU.Build.0 = Debug|Any CPU
		{AC2E6C7C-3E9D-4B01-B2E4-7267967AA55F}.Release|Any CPU.ActiveCfg = Release|Any CPU
		{AC2E6C7C-3E9D-4B01-B2E4-7267967AA55F}.Release|Any CPU.Build.0 = Release|Any CPU
		{F1BD114A-06A2-4DC9-8CAE-E61252D8D920}.Debug|Any CPU.ActiveCfg = Debug|Any CPU
		{F1BD114A-06A2-4DC9-8CAE-E61252D8D920}.Debug|Any CPU.Build.0 = Debug|Any CPU
		{F1BD114A-06A2-4DC9-8CAE-E61252D8D920}.Release|Any CPU.ActiveCfg = Release|Any CPU
		{F1BD114A-06A2-4DC9-8CAE-E61252D8D920}.Release|Any CPU.Build.0 = Release|Any CPU
		{6BFF7008-A840-4E0D-9993-3D8832B07778}.Debug|Any CPU.ActiveCfg = Debug|Any CPU
		{6BFF7008-A840-4E0D-9993-3D8832B07778}.Debug|Any CPU.Build.0 = Debug|Any CPU
		{6BFF7008-A840-4E0D-9993-3D8832B07778}.Release|Any CPU.ActiveCfg = Release|Any CPU
		{6BFF7008-A840-4E0D-9993-3D8832B07778}.Release|Any CPU.Build.0 = Release|Any CPU
		{415E93CE-58DB-471E-9995-95794554BE0F}.Debug|Any CPU.ActiveCfg = Debug|Any CPU
		{415E93CE-58DB-471E-9995-95794554BE0F}.Debug|Any CPU.Build.0 = Debug|Any CPU
		{415E93CE-58DB-471E-9995-95794554BE0F}.Release|Any CPU.ActiveCfg = Release|Any CPU
		{415E93CE-58DB-471E-9995-95794554BE0F}.Release|Any CPU.Build.0 = Release|Any CPU
		{B8CEBD70-4A2E-46B1-9150-8797F353D2B1}.Debug|Any CPU.ActiveCfg = Debug|Any CPU
		{B8CEBD70-4A2E-46B1-9150-8797F353D2B1}.Debug|Any CPU.Build.0 = Debug|Any CPU
		{B8CEBD70-4A2E-46B1-9150-8797F353D2B1}.Release|Any CPU.ActiveCfg = Release|Any CPU
		{B8CEBD70-4A2E-46B1-9150-8797F353D2B1}.Release|Any CPU.Build.0 = Release|Any CPU
		{D701DD6C-C9AA-4DD6-850F-95409C64F03C}.Debug|Any CPU.ActiveCfg = Debug|Any CPU
		{D701DD6C-C9AA-4DD6-850F-95409C64F03C}.Debug|Any CPU.Build.0 = Debug|Any CPU
		{D701DD6C-C9AA-4DD6-850F-95409C64F03C}.Release|Any CPU.ActiveCfg = Release|Any CPU
		{D701DD6C-C9AA-4DD6-850F-95409C64F03C}.Release|Any CPU.Build.0 = Release|Any CPU
		{6851E4D3-F811-431A-A4BB-A762AF34E4BC}.Debug|Any CPU.ActiveCfg = Debug|Any CPU
		{6851E4D3-F811-431A-A4BB-A762AF34E4BC}.Debug|Any CPU.Build.0 = Debug|Any CPU
		{6851E4D3-F811-431A-A4BB-A762AF34E4BC}.Release|Any CPU.ActiveCfg = Release|Any CPU
		{6851E4D3-F811-431A-A4BB-A762AF34E4BC}.Release|Any CPU.Build.0 = Release|Any CPU
		{07C8060F-7750-44D4-9476-284E0A698FBE}.Debug|Any CPU.ActiveCfg = Debug|Any CPU
		{07C8060F-7750-44D4-9476-284E0A698FBE}.Debug|Any CPU.Build.0 = Debug|Any CPU
		{07C8060F-7750-44D4-9476-284E0A698FBE}.Release|Any CPU.ActiveCfg = Release|Any CPU
		{07C8060F-7750-44D4-9476-284E0A698FBE}.Release|Any CPU.Build.0 = Release|Any CPU
		{025DC4D8-8418-475C-B36A-F905E7643E9F}.Debug|Any CPU.ActiveCfg = Debug|Any CPU
		{025DC4D8-8418-475C-B36A-F905E7643E9F}.Debug|Any CPU.Build.0 = Debug|Any CPU
		{025DC4D8-8418-475C-B36A-F905E7643E9F}.Release|Any CPU.ActiveCfg = Release|Any CPU
		{025DC4D8-8418-475C-B36A-F905E7643E9F}.Release|Any CPU.Build.0 = Release|Any CPU
		{8A539E51-7695-4C72-824F-EAB8F802AA5C}.Debug|Any CPU.ActiveCfg = Debug|Any CPU
		{8A539E51-7695-4C72-824F-EAB8F802AA5C}.Debug|Any CPU.Build.0 = Debug|Any CPU
		{8A539E51-7695-4C72-824F-EAB8F802AA5C}.Release|Any CPU.ActiveCfg = Release|Any CPU
		{8A539E51-7695-4C72-824F-EAB8F802AA5C}.Release|Any CPU.Build.0 = Release|Any CPU
		{D28D5A7D-7FCF-4B19-BBE0-23FB067C48ED}.Debug|Any CPU.ActiveCfg = Debug|Any CPU
		{D28D5A7D-7FCF-4B19-BBE0-23FB067C48ED}.Debug|Any CPU.Build.0 = Debug|Any CPU
		{D28D5A7D-7FCF-4B19-BBE0-23FB067C48ED}.Release|Any CPU.ActiveCfg = Release|Any CPU
		{D28D5A7D-7FCF-4B19-BBE0-23FB067C48ED}.Release|Any CPU.Build.0 = Release|Any CPU
		{04BB285D-BC75-4495-BD64-1479CAEDE130}.Debug|Any CPU.ActiveCfg = Debug|Any CPU
		{04BB285D-BC75-4495-BD64-1479CAEDE130}.Debug|Any CPU.Build.0 = Debug|Any CPU
		{04BB285D-BC75-4495-BD64-1479CAEDE130}.Release|Any CPU.ActiveCfg = Release|Any CPU
		{04BB285D-BC75-4495-BD64-1479CAEDE130}.Release|Any CPU.Build.0 = Release|Any CPU
		{8F74F478-3638-4F23-ABE9-4EA53F2CE77C}.Debug|Any CPU.ActiveCfg = Debug|Any CPU
		{8F74F478-3638-4F23-ABE9-4EA53F2CE77C}.Debug|Any CPU.Build.0 = Debug|Any CPU
		{8F74F478-3638-4F23-ABE9-4EA53F2CE77C}.Release|Any CPU.ActiveCfg = Release|Any CPU
		{8F74F478-3638-4F23-ABE9-4EA53F2CE77C}.Release|Any CPU.Build.0 = Release|Any CPU
		{3C8AE5A7-AD06-4D35-8ABE-E9F6E84830C6}.Debug|Any CPU.ActiveCfg = Debug|Any CPU
		{3C8AE5A7-AD06-4D35-8ABE-E9F6E84830C6}.Debug|Any CPU.Build.0 = Debug|Any CPU
		{3C8AE5A7-AD06-4D35-8ABE-E9F6E84830C6}.Release|Any CPU.ActiveCfg = Release|Any CPU
		{3C8AE5A7-AD06-4D35-8ABE-E9F6E84830C6}.Release|Any CPU.Build.0 = Release|Any CPU
		{A19C774B-AC05-4615-B2EA-7D978D86AA86}.Debug|Any CPU.ActiveCfg = Debug|Any CPU
		{A19C774B-AC05-4615-B2EA-7D978D86AA86}.Debug|Any CPU.Build.0 = Debug|Any CPU
		{A19C774B-AC05-4615-B2EA-7D978D86AA86}.Release|Any CPU.ActiveCfg = Release|Any CPU
		{A19C774B-AC05-4615-B2EA-7D978D86AA86}.Release|Any CPU.Build.0 = Release|Any CPU
		{373328C9-BAB1-4ED1-9228-F99789CC7C80}.Debug|Any CPU.ActiveCfg = Debug|Any CPU
		{373328C9-BAB1-4ED1-9228-F99789CC7C80}.Debug|Any CPU.Build.0 = Debug|Any CPU
		{373328C9-BAB1-4ED1-9228-F99789CC7C80}.Release|Any CPU.ActiveCfg = Release|Any CPU
		{373328C9-BAB1-4ED1-9228-F99789CC7C80}.Release|Any CPU.Build.0 = Release|Any CPU
	EndGlobalSection
	GlobalSection(SolutionProperties) = preSolution
		HideSolutionNode = FALSE
	EndGlobalSection
	GlobalSection(ExtensibilityGlobals) = postSolution
		SolutionGuid = {4E7EF378-90BE-4639-A75D-BD86CC549C1B}
	EndGlobalSection
EndGlobal
